// !$*UTF8*$!
{
	archiveVersion = 1;
	classes = {
	};
	objectVersion = 50;
	objects = {

/* Begin PBXBuildFile section */
		ED09CF612409C3FD00A7E26F /* DismissAnimator.swift in Sources */ = {isa = PBXBuildFile; fileRef = ED09CF602409C3FD00A7E26F /* DismissAnimator.swift */; };
		ED09CF632409CB6A00A7E26F /* DismissTransitionInteractor.swift in Sources */ = {isa = PBXBuildFile; fileRef = ED09CF622409CB6A00A7E26F /* DismissTransitionInteractor.swift */; };
		ED1E67B824098A670089CCC3 /* ImageErrorView.xib in Resources */ = {isa = PBXBuildFile; fileRef = ED1E67B724098A670089CCC3 /* ImageErrorView.xib */; };
		ED1E67BA240998450089CCC3 /* ImageErrorView.swift in Sources */ = {isa = PBXBuildFile; fileRef = ED1E67B9240998450089CCC3 /* ImageErrorView.swift */; };
		ED2075822406C02200CDB8CB /* CoverSectionHeader.swift in Sources */ = {isa = PBXBuildFile; fileRef = ED2075812406C02200CDB8CB /* CoverSectionHeader.swift */; };
		ED2075852406F16A00CDB8CB /* CoverThumbnailCell.swift in Sources */ = {isa = PBXBuildFile; fileRef = ED2075832406F16900CDB8CB /* CoverThumbnailCell.swift */; };
		ED4250FA24029639005032DB /* AppDelegate.swift in Sources */ = {isa = PBXBuildFile; fileRef = ED4250F924029639005032DB /* AppDelegate.swift */; };
		ED4250FE24029639005032DB /* StartViewController.swift in Sources */ = {isa = PBXBuildFile; fileRef = ED4250FD24029639005032DB /* StartViewController.swift */; };
		ED42510124029639005032DB /* Main.storyboard in Resources */ = {isa = PBXBuildFile; fileRef = ED4250FF24029639005032DB /* Main.storyboard */; };
		ED4251032402963D005032DB /* Assets.xcassets in Resources */ = {isa = PBXBuildFile; fileRef = ED4251022402963D005032DB /* Assets.xcassets */; };
		ED4251062402963D005032DB /* LaunchScreen.storyboard in Resources */ = {isa = PBXBuildFile; fileRef = ED4251042402963D005032DB /* LaunchScreen.storyboard */; };
		ED42510E24029B55005032DB /* GameURLSelectionView.xib in Resources */ = {isa = PBXBuildFile; fileRef = ED42510D24029B55005032DB /* GameURLSelectionView.xib */; };
		ED42511624029F59005032DB /* GameURLSelectionView.swift in Sources */ = {isa = PBXBuildFile; fileRef = ED42511524029F59005032DB /* GameURLSelectionView.swift */; };
		ED5C304D240950140013CDEE /* CoverThumbnailDownloader.swift in Sources */ = {isa = PBXBuildFile; fileRef = ED5C304C240950130013CDEE /* CoverThumbnailDownloader.swift */; };
		ED5C305224096D350013CDEE /* CoverViewController.swift in Sources */ = {isa = PBXBuildFile; fileRef = ED5C305124096D350013CDEE /* CoverViewController.swift */; };
		ED5C305424097C4E0013CDEE /* CoversPageViewController.swift in Sources */ = {isa = PBXBuildFile; fileRef = ED5C305324097C4E0013CDEE /* CoversPageViewController.swift */; };
		ED5C305724097F070013CDEE /* CoverImageDownloader.swift in Sources */ = {isa = PBXBuildFile; fileRef = ED5C305624097F070013CDEE /* CoverImageDownloader.swift */; };
		ED5E00DE240C4D1B0077FD99 /* ImageConstants.swift in Sources */ = {isa = PBXBuildFile; fileRef = ED5E00DD240C4D1B0077FD99 /* ImageConstants.swift */; };
		ED6AC159240722090086D378 /* PasteboardObserver.swift in Sources */ = {isa = PBXBuildFile; fileRef = ED6AC158240722090086D378 /* PasteboardObserver.swift */; };
		ED6AC15D240722B90086D378 /* TextFieldObserver.swift in Sources */ = {isa = PBXBuildFile; fileRef = ED6AC15C240722B90086D378 /* TextFieldObserver.swift */; };
		EDAB7EA42402B479004D182E /* GameURLSelectorViewDelegate.swift in Sources */ = {isa = PBXBuildFile; fileRef = EDAB7EA32402B479004D182E /* GameURLSelectorViewDelegate.swift */; };
		EDAB7EA62402BE74004D182E /* KeyboardConstraintObserver.swift in Sources */ = {isa = PBXBuildFile; fileRef = EDAB7EA52402BE74004D182E /* KeyboardConstraintObserver.swift */; };
		EDB77B4F24044A3B003F358A /* String+IsEmptyOrWhitespace.swift in Sources */ = {isa = PBXBuildFile; fileRef = EDB77B4E24044A3B003F358A /* String+IsEmptyOrWhitespace.swift */; };
		EDB77B5424044C27003F358A /* UIAlertController+WaitAlert.swift in Sources */ = {isa = PBXBuildFile; fileRef = EDB77B5324044C27003F358A /* UIAlertController+WaitAlert.swift */; };
		EDB77B57240461A2003F358A /* GameHTMLDownloader.swift in Sources */ = {isa = PBXBuildFile; fileRef = EDB77B56240461A2003F358A /* GameHTMLDownloader.swift */; };
		EDB77B5924046A20003F358A /* GameURLValidator.swift in Sources */ = {isa = PBXBuildFile; fileRef = EDB77B5824046A20003F358A /* GameURLValidator.swift */; };
		EDB77B5C240544D2003F358A /* GameHTMLParser.swift in Sources */ = {isa = PBXBuildFile; fileRef = EDB77B5B240544D2003F358A /* GameHTMLParser.swift */; };
		EDB77B6224055076003F358A /* Game.swift in Sources */ = {isa = PBXBuildFile; fileRef = EDB77B6124055076003F358A /* Game.swift */; };
		EDB77B6424055081003F358A /* Cover.swift in Sources */ = {isa = PBXBuildFile; fileRef = EDB77B6324055081003F358A /* Cover.swift */; };
		EDB77B692405693F003F358A /* Region.swift in Sources */ = {isa = PBXBuildFile; fileRef = EDB77B682405693F003F358A /* Region.swift */; };
		EDB77B6F24056C8C003F358A /* GameViewController.swift in Sources */ = {isa = PBXBuildFile; fileRef = EDB77B6E24056C8B003F358A /* GameViewController.swift */; };
		EDB77B7124058015003F358A /* ValidationErrorHandler.swift in Sources */ = {isa = PBXBuildFile; fileRef = EDB77B7024058015003F358A /* ValidationErrorHandler.swift */; };
		EDB77B732405809E003F358A /* NetworkErrorHandler.swift in Sources */ = {isa = PBXBuildFile; fileRef = EDB77B722405809E003F358A /* NetworkErrorHandler.swift */; };
		EDBE034E240F054200B200F8 /* ThumbnailImage.swift in Sources */ = {isa = PBXBuildFile; fileRef = EDBE034D240F054200B200F8 /* ThumbnailImage.swift */; };
		EDBE0880240E6F1400BBD592 /* FavoritesViewController.swift in Sources */ = {isa = PBXBuildFile; fileRef = EDBE087F240E6F1400BBD592 /* FavoritesViewController.swift */; };
		EDBE0882240E6F8000BBD592 /* FavoriteCell.swift in Sources */ = {isa = PBXBuildFile; fileRef = EDBE0881240E6F8000BBD592 /* FavoriteCell.swift */; };
		EDBE0885240E701100BBD592 /* FavoritesTableViewHelper.swift in Sources */ = {isa = PBXBuildFile; fileRef = EDBE0884240E701100BBD592 /* FavoritesTableViewHelper.swift */; };
		EDBF118D240E8645008A7B08 /* DataService.swift in Sources */ = {isa = PBXBuildFile; fileRef = EDBF118C240E8645008A7B08 /* DataService.swift */; };
		EDD05A6F240E532F00E96195 /* Alamofire.framework in Frameworks */ = {isa = PBXBuildFile; fileRef = EDD05A6E240E532F00E96195 /* Alamofire.framework */; };
		EDD05A70240E532F00E96195 /* Alamofire.framework in Embed Frameworks */ = {isa = PBXBuildFile; fileRef = EDD05A6E240E532F00E96195 /* Alamofire.framework */; settings = {ATTRIBUTES = (CodeSignOnCopy, RemoveHeadersOnCopy, ); }; };
		EDD05A72240E533100E96195 /* HTMLReader.framework in Frameworks */ = {isa = PBXBuildFile; fileRef = EDD05A71240E533100E96195 /* HTMLReader.framework */; };
		EDD05A73240E533100E96195 /* HTMLReader.framework in Embed Frameworks */ = {isa = PBXBuildFile; fileRef = EDD05A71240E533100E96195 /* HTMLReader.framework */; settings = {ATTRIBUTES = (CodeSignOnCopy, RemoveHeadersOnCopy, ); }; };
		EDD05A75240E533500E96195 /* Realm.framework in Frameworks */ = {isa = PBXBuildFile; fileRef = EDD05A74240E533500E96195 /* Realm.framework */; };
		EDD05A76240E533500E96195 /* Realm.framework in Embed Frameworks */ = {isa = PBXBuildFile; fileRef = EDD05A74240E533500E96195 /* Realm.framework */; settings = {ATTRIBUTES = (CodeSignOnCopy, RemoveHeadersOnCopy, ); }; };
		EDD05A78240E533700E96195 /* RealmSwift.framework in Frameworks */ = {isa = PBXBuildFile; fileRef = EDD05A77240E533700E96195 /* RealmSwift.framework */; };
		EDD05A79240E533700E96195 /* RealmSwift.framework in Embed Frameworks */ = {isa = PBXBuildFile; fileRef = EDD05A77240E533700E96195 /* RealmSwift.framework */; settings = {ATTRIBUTES = (CodeSignOnCopy, RemoveHeadersOnCopy, ); }; };
		EDD9C00D240FA160007BAFA8 /* GameFavoriteHelper.swift in Sources */ = {isa = PBXBuildFile; fileRef = EDD9C00C240FA160007BAFA8 /* GameFavoriteHelper.swift */; };
		EDD9C00F240FA192007BAFA8 /* ViewControllerHelper.swift in Sources */ = {isa = PBXBuildFile; fileRef = EDD9C00E240FA192007BAFA8 /* ViewControllerHelper.swift */; };
		EDE1D209240B056D009CFA60 /* CoverViewControllerFactory.swift in Sources */ = {isa = PBXBuildFile; fileRef = EDE1D208240B056D009CFA60 /* CoverViewControllerFactory.swift */; };
		EDE56DBD240D81E500EE2049 /* GameURLValidationError.swift in Sources */ = {isa = PBXBuildFile; fileRef = EDE56DBC240D81E500EE2049 /* GameURLValidationError.swift */; };
		EDE56DBF240D824500EE2049 /* CoverImageDownloadError.swift in Sources */ = {isa = PBXBuildFile; fileRef = EDE56DBE240D824500EE2049 /* CoverImageDownloadError.swift */; };
		EDE56DC1240D825400EE2049 /* Typealiases.swift in Sources */ = {isa = PBXBuildFile; fileRef = EDE56DC0240D825400EE2049 /* Typealiases.swift */; };
		EDE56DC4240D840F00EE2049 /* GameURLPasteboardListener.swift in Sources */ = {isa = PBXBuildFile; fileRef = EDE56DC3240D840F00EE2049 /* GameURLPasteboardListener.swift */; };
		EDE56DC9240D956000EE2049 /* ThumbnailCollectionHelper.swift in Sources */ = {isa = PBXBuildFile; fileRef = EDE56DC8240D956000EE2049 /* ThumbnailCollectionHelper.swift */; };
		EDE56DCB240D9CE800EE2049 /* CoversPageViewControllerHelper.swift in Sources */ = {isa = PBXBuildFile; fileRef = EDE56DCA240D9CE800EE2049 /* CoversPageViewControllerHelper.swift */; };
		EDE56DCD240D9F4D00EE2049 /* CoverViewControllerImageHandler.swift in Sources */ = {isa = PBXBuildFile; fileRef = EDE56DCC240D9F4D00EE2049 /* CoverViewControllerImageHandler.swift */; };
		EDE56DCF240DA20000EE2049 /* CoverViewControllerErrorHandler.swift in Sources */ = {isa = PBXBuildFile; fileRef = EDE56DCE240DA20000EE2049 /* CoverViewControllerErrorHandler.swift */; };
		EDE56DD1240DA4B100EE2049 /* CoverViewControllerGestureHandler.swift in Sources */ = {isa = PBXBuildFile; fileRef = EDE56DD0240DA4B100EE2049 /* CoverViewControllerGestureHandler.swift */; };
		EDE56DD3240DA7C700EE2049 /* CoverThumbnailCellConfigurator.swift in Sources */ = {isa = PBXBuildFile; fileRef = EDE56DD2240DA7C700EE2049 /* CoverThumbnailCellConfigurator.swift */; };
		EDE92BA124072BCA00B1ACC7 /* AppActivityObserver.swift in Sources */ = {isa = PBXBuildFile; fileRef = EDE92BA024072BCA00B1ACC7 /* AppActivityObserver.swift */; };
		EDE92BA32407D3DC00B1ACC7 /* NoItemsView.swift in Sources */ = {isa = PBXBuildFile; fileRef = EDE92BA22407D3DC00B1ACC7 /* NoItemsView.swift */; };
		EDE92BA52407D42600B1ACC7 /* NoItemsView.xib in Resources */ = {isa = PBXBuildFile; fileRef = EDE92BA42407D42600B1ACC7 /* NoItemsView.xib */; };
/* End PBXBuildFile section */

/* Begin PBXCopyFilesBuildPhase section */
		EDB77B3D2402D991003F358A /* Embed Frameworks */ = {
			isa = PBXCopyFilesBuildPhase;
			buildActionMask = 2147483647;
			dstPath = "";
			dstSubfolderSpec = 10;
			files = (
				EDD05A76240E533500E96195 /* Realm.framework in Embed Frameworks */,
				EDD05A73240E533100E96195 /* HTMLReader.framework in Embed Frameworks */,
				EDD05A79240E533700E96195 /* RealmSwift.framework in Embed Frameworks */,
				EDD05A70240E532F00E96195 /* Alamofire.framework in Embed Frameworks */,
			);
			name = "Embed Frameworks";
			runOnlyForDeploymentPostprocessing = 0;
		};
/* End PBXCopyFilesBuildPhase section */

/* Begin PBXFileReference section */
		ED09CF602409C3FD00A7E26F /* DismissAnimator.swift */ = {isa = PBXFileReference; lastKnownFileType = sourcecode.swift; path = DismissAnimator.swift; sourceTree = "<group>"; };
		ED09CF622409CB6A00A7E26F /* DismissTransitionInteractor.swift */ = {isa = PBXFileReference; lastKnownFileType = sourcecode.swift; path = DismissTransitionInteractor.swift; sourceTree = "<group>"; };
		ED1E67B724098A670089CCC3 /* ImageErrorView.xib */ = {isa = PBXFileReference; lastKnownFileType = file.xib; path = ImageErrorView.xib; sourceTree = "<group>"; };
		ED1E67B9240998450089CCC3 /* ImageErrorView.swift */ = {isa = PBXFileReference; lastKnownFileType = sourcecode.swift; path = ImageErrorView.swift; sourceTree = "<group>"; };
		ED2075812406C02200CDB8CB /* CoverSectionHeader.swift */ = {isa = PBXFileReference; lastKnownFileType = sourcecode.swift; path = CoverSectionHeader.swift; sourceTree = "<group>"; };
		ED2075832406F16900CDB8CB /* CoverThumbnailCell.swift */ = {isa = PBXFileReference; lastKnownFileType = sourcecode.swift; path = CoverThumbnailCell.swift; sourceTree = "<group>"; };
		ED4250F624029639005032DB /* PSXCovers.app */ = {isa = PBXFileReference; explicitFileType = wrapper.application; includeInIndex = 0; path = PSXCovers.app; sourceTree = BUILT_PRODUCTS_DIR; };
		ED4250F924029639005032DB /* AppDelegate.swift */ = {isa = PBXFileReference; lastKnownFileType = sourcecode.swift; path = AppDelegate.swift; sourceTree = "<group>"; };
		ED4250FD24029639005032DB /* StartViewController.swift */ = {isa = PBXFileReference; lastKnownFileType = sourcecode.swift; path = StartViewController.swift; sourceTree = "<group>"; };
		ED42510024029639005032DB /* Base */ = {isa = PBXFileReference; lastKnownFileType = file.storyboard; name = Base; path = Base.lproj/Main.storyboard; sourceTree = "<group>"; };
		ED4251022402963D005032DB /* Assets.xcassets */ = {isa = PBXFileReference; lastKnownFileType = folder.assetcatalog; path = Assets.xcassets; sourceTree = "<group>"; };
		ED4251052402963D005032DB /* Base */ = {isa = PBXFileReference; lastKnownFileType = file.storyboard; name = Base; path = Base.lproj/LaunchScreen.storyboard; sourceTree = "<group>"; };
		ED4251072402963D005032DB /* Info.plist */ = {isa = PBXFileReference; lastKnownFileType = text.plist.xml; path = Info.plist; sourceTree = "<group>"; };
		ED42510D24029B55005032DB /* GameURLSelectionView.xib */ = {isa = PBXFileReference; lastKnownFileType = file.xib; path = GameURLSelectionView.xib; sourceTree = "<group>"; };
		ED42511524029F59005032DB /* GameURLSelectionView.swift */ = {isa = PBXFileReference; lastKnownFileType = sourcecode.swift; path = GameURLSelectionView.swift; sourceTree = "<group>"; };
		ED5C304C240950130013CDEE /* CoverThumbnailDownloader.swift */ = {isa = PBXFileReference; lastKnownFileType = sourcecode.swift; path = CoverThumbnailDownloader.swift; sourceTree = "<group>"; };
		ED5C305124096D350013CDEE /* CoverViewController.swift */ = {isa = PBXFileReference; lastKnownFileType = sourcecode.swift; path = CoverViewController.swift; sourceTree = "<group>"; };
		ED5C305324097C4E0013CDEE /* CoversPageViewController.swift */ = {isa = PBXFileReference; lastKnownFileType = sourcecode.swift; path = CoversPageViewController.swift; sourceTree = "<group>"; };
		ED5C305624097F070013CDEE /* CoverImageDownloader.swift */ = {isa = PBXFileReference; lastKnownFileType = sourcecode.swift; path = CoverImageDownloader.swift; sourceTree = "<group>"; };
		ED5E00DD240C4D1B0077FD99 /* ImageConstants.swift */ = {isa = PBXFileReference; lastKnownFileType = sourcecode.swift; path = ImageConstants.swift; sourceTree = "<group>"; };
		ED6AC158240722090086D378 /* PasteboardObserver.swift */ = {isa = PBXFileReference; lastKnownFileType = sourcecode.swift; path = PasteboardObserver.swift; sourceTree = "<group>"; };
		ED6AC15C240722B90086D378 /* TextFieldObserver.swift */ = {isa = PBXFileReference; lastKnownFileType = sourcecode.swift; path = TextFieldObserver.swift; sourceTree = "<group>"; };
		EDAB7EA32402B479004D182E /* GameURLSelectorViewDelegate.swift */ = {isa = PBXFileReference; lastKnownFileType = sourcecode.swift; path = GameURLSelectorViewDelegate.swift; sourceTree = "<group>"; };
		EDAB7EA52402BE74004D182E /* KeyboardConstraintObserver.swift */ = {isa = PBXFileReference; fileEncoding = 4; lastKnownFileType = sourcecode.swift; path = KeyboardConstraintObserver.swift; sourceTree = "<group>"; };
		EDB77B4E24044A3B003F358A /* String+IsEmptyOrWhitespace.swift */ = {isa = PBXFileReference; lastKnownFileType = sourcecode.swift; path = "String+IsEmptyOrWhitespace.swift"; sourceTree = "<group>"; };
		EDB77B5324044C27003F358A /* UIAlertController+WaitAlert.swift */ = {isa = PBXFileReference; lastKnownFileType = sourcecode.swift; path = "UIAlertController+WaitAlert.swift"; sourceTree = "<group>"; };
		EDB77B56240461A2003F358A /* GameHTMLDownloader.swift */ = {isa = PBXFileReference; lastKnownFileType = sourcecode.swift; path = GameHTMLDownloader.swift; sourceTree = "<group>"; };
		EDB77B5824046A20003F358A /* GameURLValidator.swift */ = {isa = PBXFileReference; lastKnownFileType = sourcecode.swift; path = GameURLValidator.swift; sourceTree = "<group>"; };
		EDB77B5B240544D2003F358A /* GameHTMLParser.swift */ = {isa = PBXFileReference; lastKnownFileType = sourcecode.swift; path = GameHTMLParser.swift; sourceTree = "<group>"; };
		EDB77B6124055076003F358A /* Game.swift */ = {isa = PBXFileReference; fileEncoding = 4; lastKnownFileType = sourcecode.swift; path = Game.swift; sourceTree = "<group>"; };
		EDB77B6324055081003F358A /* Cover.swift */ = {isa = PBXFileReference; lastKnownFileType = sourcecode.swift; path = Cover.swift; sourceTree = "<group>"; };
		EDB77B682405693F003F358A /* Region.swift */ = {isa = PBXFileReference; lastKnownFileType = sourcecode.swift; path = Region.swift; sourceTree = "<group>"; };
		EDB77B6E24056C8B003F358A /* GameViewController.swift */ = {isa = PBXFileReference; lastKnownFileType = sourcecode.swift; path = GameViewController.swift; sourceTree = "<group>"; };
		EDB77B7024058015003F358A /* ValidationErrorHandler.swift */ = {isa = PBXFileReference; lastKnownFileType = sourcecode.swift; path = ValidationErrorHandler.swift; sourceTree = "<group>"; };
		EDB77B722405809E003F358A /* NetworkErrorHandler.swift */ = {isa = PBXFileReference; lastKnownFileType = sourcecode.swift; path = NetworkErrorHandler.swift; sourceTree = "<group>"; };
		EDBE034D240F054200B200F8 /* ThumbnailImage.swift */ = {isa = PBXFileReference; lastKnownFileType = sourcecode.swift; path = ThumbnailImage.swift; sourceTree = "<group>"; };
		EDBE087F240E6F1400BBD592 /* FavoritesViewController.swift */ = {isa = PBXFileReference; lastKnownFileType = sourcecode.swift; path = FavoritesViewController.swift; sourceTree = "<group>"; };
		EDBE0881240E6F8000BBD592 /* FavoriteCell.swift */ = {isa = PBXFileReference; lastKnownFileType = sourcecode.swift; path = FavoriteCell.swift; sourceTree = "<group>"; };
		EDBE0884240E701100BBD592 /* FavoritesTableViewHelper.swift */ = {isa = PBXFileReference; lastKnownFileType = sourcecode.swift; path = FavoritesTableViewHelper.swift; sourceTree = "<group>"; };
		EDBF118C240E8645008A7B08 /* DataService.swift */ = {isa = PBXFileReference; lastKnownFileType = sourcecode.swift; path = DataService.swift; sourceTree = "<group>"; };
		EDD05A6E240E532F00E96195 /* Alamofire.framework */ = {isa = PBXFileReference; lastKnownFileType = wrapper.framework; name = Alamofire.framework; path = Carthage/Build/iOS/Alamofire.framework; sourceTree = "<group>"; };
		EDD05A71240E533100E96195 /* HTMLReader.framework */ = {isa = PBXFileReference; lastKnownFileType = wrapper.framework; name = HTMLReader.framework; path = Carthage/Build/iOS/HTMLReader.framework; sourceTree = "<group>"; };
		EDD05A74240E533500E96195 /* Realm.framework */ = {isa = PBXFileReference; lastKnownFileType = wrapper.framework; name = Realm.framework; path = Carthage/Build/iOS/Realm.framework; sourceTree = "<group>"; };
		EDD05A77240E533700E96195 /* RealmSwift.framework */ = {isa = PBXFileReference; lastKnownFileType = wrapper.framework; name = RealmSwift.framework; path = Carthage/Build/iOS/RealmSwift.framework; sourceTree = "<group>"; };
		EDD9C00C240FA160007BAFA8 /* GameFavoriteHelper.swift */ = {isa = PBXFileReference; lastKnownFileType = sourcecode.swift; path = GameFavoriteHelper.swift; sourceTree = "<group>"; };
		EDD9C00E240FA192007BAFA8 /* ViewControllerHelper.swift */ = {isa = PBXFileReference; lastKnownFileType = sourcecode.swift; path = ViewControllerHelper.swift; sourceTree = "<group>"; };
		EDE1D208240B056D009CFA60 /* CoverViewControllerFactory.swift */ = {isa = PBXFileReference; lastKnownFileType = sourcecode.swift; path = CoverViewControllerFactory.swift; sourceTree = "<group>"; };
		EDE56DBC240D81E500EE2049 /* GameURLValidationError.swift */ = {isa = PBXFileReference; lastKnownFileType = sourcecode.swift; path = GameURLValidationError.swift; sourceTree = "<group>"; };
		EDE56DBE240D824500EE2049 /* CoverImageDownloadError.swift */ = {isa = PBXFileReference; lastKnownFileType = sourcecode.swift; path = CoverImageDownloadError.swift; sourceTree = "<group>"; };
		EDE56DC0240D825400EE2049 /* Typealiases.swift */ = {isa = PBXFileReference; lastKnownFileType = sourcecode.swift; path = Typealiases.swift; sourceTree = "<group>"; };
		EDE56DC3240D840F00EE2049 /* GameURLPasteboardListener.swift */ = {isa = PBXFileReference; lastKnownFileType = sourcecode.swift; path = GameURLPasteboardListener.swift; sourceTree = "<group>"; };
		EDE56DC8240D956000EE2049 /* ThumbnailCollectionHelper.swift */ = {isa = PBXFileReference; lastKnownFileType = sourcecode.swift; path = ThumbnailCollectionHelper.swift; sourceTree = "<group>"; };
		EDE56DCA240D9CE800EE2049 /* CoversPageViewControllerHelper.swift */ = {isa = PBXFileReference; lastKnownFileType = sourcecode.swift; path = CoversPageViewControllerHelper.swift; sourceTree = "<group>"; };
		EDE56DCC240D9F4D00EE2049 /* CoverViewControllerImageHandler.swift */ = {isa = PBXFileReference; lastKnownFileType = sourcecode.swift; path = CoverViewControllerImageHandler.swift; sourceTree = "<group>"; };
		EDE56DCE240DA20000EE2049 /* CoverViewControllerErrorHandler.swift */ = {isa = PBXFileReference; lastKnownFileType = sourcecode.swift; path = CoverViewControllerErrorHandler.swift; sourceTree = "<group>"; };
		EDE56DD0240DA4B100EE2049 /* CoverViewControllerGestureHandler.swift */ = {isa = PBXFileReference; lastKnownFileType = sourcecode.swift; path = CoverViewControllerGestureHandler.swift; sourceTree = "<group>"; };
		EDE56DD2240DA7C700EE2049 /* CoverThumbnailCellConfigurator.swift */ = {isa = PBXFileReference; lastKnownFileType = sourcecode.swift; path = CoverThumbnailCellConfigurator.swift; sourceTree = "<group>"; };
		EDE92BA024072BCA00B1ACC7 /* AppActivityObserver.swift */ = {isa = PBXFileReference; lastKnownFileType = sourcecode.swift; path = AppActivityObserver.swift; sourceTree = "<group>"; };
		EDE92BA22407D3DC00B1ACC7 /* NoItemsView.swift */ = {isa = PBXFileReference; lastKnownFileType = sourcecode.swift; path = NoItemsView.swift; sourceTree = "<group>"; };
		EDE92BA42407D42600B1ACC7 /* NoItemsView.xib */ = {isa = PBXFileReference; lastKnownFileType = file.xib; path = NoItemsView.xib; sourceTree = "<group>"; };
/* End PBXFileReference section */

/* Begin PBXFrameworksBuildPhase section */
		ED4250F324029639005032DB /* Frameworks */ = {
			isa = PBXFrameworksBuildPhase;
			buildActionMask = 2147483647;
			files = (
				EDD05A75240E533500E96195 /* Realm.framework in Frameworks */,
				EDD05A72240E533100E96195 /* HTMLReader.framework in Frameworks */,
				EDD05A78240E533700E96195 /* RealmSwift.framework in Frameworks */,
				EDD05A6F240E532F00E96195 /* Alamofire.framework in Frameworks */,
			);
			runOnlyForDeploymentPostprocessing = 0;
		};
/* End PBXFrameworksBuildPhase section */

/* Begin PBXGroup section */
		ED1E67B42409895B0089CCC3 /* Views */ = {
			isa = PBXGroup;
			children = (
				ED1E67B724098A670089CCC3 /* ImageErrorView.xib */,
				ED1E67B9240998450089CCC3 /* ImageErrorView.swift */,
				ED09CF602409C3FD00A7E26F /* DismissAnimator.swift */,
				ED09CF622409CB6A00A7E26F /* DismissTransitionInteractor.swift */,
			);
			path = Views;
			sourceTree = "<group>";
		};
		ED4250ED24029639005032DB = {
			isa = PBXGroup;
			children = (
				ED4250F824029639005032DB /* PSXCovers */,
				ED4250F724029639005032DB /* Products */,
				EDB77B392402D991003F358A /* Frameworks */,
			);
			sourceTree = "<group>";
		};
		ED4250F724029639005032DB /* Products */ = {
			isa = PBXGroup;
			children = (
				ED4250F624029639005032DB /* PSXCovers.app */,
			);
			name = Products;
			sourceTree = "<group>";
		};
		ED4250F824029639005032DB /* PSXCovers */ = {
			isa = PBXGroup;
			children = (
				ED42511424029BE1005032DB /* Shared */,
				ED5C304E24096D040013CDEE /* Cover */,
				EDB77B6A24056C14003F358A /* Game */,
				ED42511024029BA0005032DB /* Start */,
				EDBE087B240E683E00BBD592 /* Favorites */,
				ED42510F24029B5E005032DB /* Supporting files */,
			);
			path = PSXCovers;
			sourceTree = "<group>";
		};
		ED42510F24029B5E005032DB /* Supporting files */ = {
			isa = PBXGroup;
			children = (
				ED4250F924029639005032DB /* AppDelegate.swift */,
				ED4251022402963D005032DB /* Assets.xcassets */,
				ED4251042402963D005032DB /* LaunchScreen.storyboard */,
				ED4251072402963D005032DB /* Info.plist */,
			);
			path = "Supporting files";
			sourceTree = "<group>";
		};
		ED42511024029BA0005032DB /* Start */ = {
			isa = PBXGroup;
			children = (
				EDE56DC2240D839300EE2049 /* Helpers */,
				ED6AC15A2407223B0086D378 /* Error Handling */,
				EDB77B5524045DFB003F358A /* Network */,
				ED6AC15B240722420086D378 /* Observers */,
				EDAB7EA22402B45D004D182E /* Protocols */,
				ED42511324029BBF005032DB /* Controllers */,
				ED42511224029BBC005032DB /* Views */,
			);
			path = Start;
			sourceTree = "<group>";
		};
		ED42511124029BB9005032DB /* Models */ = {
			isa = PBXGroup;
			children = (
				EDB77B6324055081003F358A /* Cover.swift */,
				EDB77B6124055076003F358A /* Game.swift */,
				EDB77B682405693F003F358A /* Region.swift */,
				EDBE034D240F054200B200F8 /* ThumbnailImage.swift */,
			);
			path = Models;
			sourceTree = "<group>";
		};
		ED42511224029BBC005032DB /* Views */ = {
			isa = PBXGroup;
			children = (
				ED42510D24029B55005032DB /* GameURLSelectionView.xib */,
				ED42511524029F59005032DB /* GameURLSelectionView.swift */,
			);
			path = Views;
			sourceTree = "<group>";
		};
		ED42511324029BBF005032DB /* Controllers */ = {
			isa = PBXGroup;
			children = (
				ED4250FD24029639005032DB /* StartViewController.swift */,
			);
			path = Controllers;
			sourceTree = "<group>";
		};
		ED42511424029BE1005032DB /* Shared */ = {
			isa = PBXGroup;
			children = (
				EDBF118B240E8639008A7B08 /* Data */,
				EDE56DB9240D819100EE2049 /* Utility */,
				EDD9C010240FA32C007BAFA8 /* Protocols */,
				ED42511124029BB9005032DB /* Models */,
				EDAB7EA82402CA1C004D182E /* Views */,
			);
			path = Shared;
			sourceTree = "<group>";
		};
		ED5C304B24094FF10013CDEE /* Network */ = {
			isa = PBXGroup;
			children = (
				ED5C304C240950130013CDEE /* CoverThumbnailDownloader.swift */,
			);
			path = Network;
			sourceTree = "<group>";
		};
		ED5C304E24096D040013CDEE /* Cover */ = {
			isa = PBXGroup;
			children = (
				EDE1D207240B0559009CFA60 /* Helpers */,
				ED5C305524097EF30013CDEE /* Network */,
				ED1E67B42409895B0089CCC3 /* Views */,
				ED5C305024096D1B0013CDEE /* Controllers */,
			);
			path = Cover;
			sourceTree = "<group>";
		};
		ED5C305024096D1B0013CDEE /* Controllers */ = {
			isa = PBXGroup;
			children = (
				ED5C305124096D350013CDEE /* CoverViewController.swift */,
				ED5C305324097C4E0013CDEE /* CoversPageViewController.swift */,
			);
			path = Controllers;
			sourceTree = "<group>";
		};
		ED5C305524097EF30013CDEE /* Network */ = {
			isa = PBXGroup;
			children = (
				ED5C305624097F070013CDEE /* CoverImageDownloader.swift */,
			);
			path = Network;
			sourceTree = "<group>";
		};
		ED6AC1552407219C0086D378 /* Download */ = {
			isa = PBXGroup;
			children = (
				EDB77B56240461A2003F358A /* GameHTMLDownloader.swift */,
			);
			path = Download;
			sourceTree = "<group>";
		};
		ED6AC156240721B00086D378 /* Validate */ = {
			isa = PBXGroup;
			children = (
				EDB77B5824046A20003F358A /* GameURLValidator.swift */,
			);
			path = Validate;
			sourceTree = "<group>";
		};
		ED6AC157240721BF0086D378 /* Parse */ = {
			isa = PBXGroup;
			children = (
				EDB77B5B240544D2003F358A /* GameHTMLParser.swift */,
			);
			path = Parse;
			sourceTree = "<group>";
		};
		ED6AC15A2407223B0086D378 /* Error Handling */ = {
			isa = PBXGroup;
			children = (
				EDB77B7024058015003F358A /* ValidationErrorHandler.swift */,
				EDB77B722405809E003F358A /* NetworkErrorHandler.swift */,
			);
			path = "Error Handling";
			sourceTree = "<group>";
		};
		ED6AC15B240722420086D378 /* Observers */ = {
			isa = PBXGroup;
			children = (
				EDE92BA024072BCA00B1ACC7 /* AppActivityObserver.swift */,
				ED6AC158240722090086D378 /* PasteboardObserver.swift */,
				EDAB7EA52402BE74004D182E /* KeyboardConstraintObserver.swift */,
				ED6AC15C240722B90086D378 /* TextFieldObserver.swift */,
			);
			path = Observers;
			sourceTree = "<group>";
		};
		EDAB7EA22402B45D004D182E /* Protocols */ = {
			isa = PBXGroup;
			children = (
				EDAB7EA32402B479004D182E /* GameURLSelectorViewDelegate.swift */,
			);
			path = Protocols;
			sourceTree = "<group>";
		};
		EDAB7EA82402CA1C004D182E /* Views */ = {
			isa = PBXGroup;
			children = (
				ED4250FF24029639005032DB /* Main.storyboard */,
				EDE92BA42407D42600B1ACC7 /* NoItemsView.xib */,
				EDE92BA22407D3DC00B1ACC7 /* NoItemsView.swift */,
			);
			path = Views;
			sourceTree = "<group>";
		};
		EDB77B392402D991003F358A /* Frameworks */ = {
			isa = PBXGroup;
			children = (
				EDD05A77240E533700E96195 /* RealmSwift.framework */,
				EDD05A74240E533500E96195 /* Realm.framework */,
				EDD05A71240E533100E96195 /* HTMLReader.framework */,
				EDD05A6E240E532F00E96195 /* Alamofire.framework */,
			);
			name = Frameworks;
			sourceTree = "<group>";
		};
		EDB77B4C24044A24003F358A /* Extensions */ = {
			isa = PBXGroup;
			children = (
				EDB77B4D24044A2A003F358A /* StringEx */,
				EDB77B5224044C09003F358A /* UIAlertControllerEx */,
			);
			path = Extensions;
			sourceTree = "<group>";
		};
		EDB77B4D24044A2A003F358A /* StringEx */ = {
			isa = PBXGroup;
			children = (
				EDB77B4E24044A3B003F358A /* String+IsEmptyOrWhitespace.swift */,
			);
			path = StringEx;
			sourceTree = "<group>";
		};
		EDB77B5224044C09003F358A /* UIAlertControllerEx */ = {
			isa = PBXGroup;
			children = (
				EDB77B5324044C27003F358A /* UIAlertController+WaitAlert.swift */,
			);
			path = UIAlertControllerEx;
			sourceTree = "<group>";
		};
		EDB77B5524045DFB003F358A /* Network */ = {
			isa = PBXGroup;
			children = (
				ED6AC156240721B00086D378 /* Validate */,
				ED6AC1552407219C0086D378 /* Download */,
				ED6AC157240721BF0086D378 /* Parse */,
			);
			path = Network;
			sourceTree = "<group>";
		};
		EDB77B6A24056C14003F358A /* Game */ = {
			isa = PBXGroup;
			children = (
				EDE56DC7240D953F00EE2049 /* Helpers */,
				ED5C304B24094FF10013CDEE /* Network */,
				EDB77B6C24056C2A003F358A /* Views */,
				EDB77B6D24056C31003F358A /* Controllers */,
			);
			path = Game;
			sourceTree = "<group>";
		};
		EDB77B6C24056C2A003F358A /* Views */ = {
			isa = PBXGroup;
			children = (
				ED2075812406C02200CDB8CB /* CoverSectionHeader.swift */,
				ED2075832406F16900CDB8CB /* CoverThumbnailCell.swift */,
			);
			path = Views;
			sourceTree = "<group>";
		};
		EDB77B6D24056C31003F358A /* Controllers */ = {
			isa = PBXGroup;
			children = (
				EDB77B6E24056C8B003F358A /* GameViewController.swift */,
			);
			path = Controllers;
			sourceTree = "<group>";
		};
		EDBE087B240E683E00BBD592 /* Favorites */ = {
			isa = PBXGroup;
			children = (
				EDBE0883240E6FF200BBD592 /* Helpers */,
				EDBE087E240E6F0800BBD592 /* Views */,
				EDBE087D240E684A00BBD592 /* Controllers */,
			);
			path = Favorites;
			sourceTree = "<group>";
		};
		EDBE087D240E684A00BBD592 /* Controllers */ = {
			isa = PBXGroup;
			children = (
				EDBE087F240E6F1400BBD592 /* FavoritesViewController.swift */,
			);
			path = Controllers;
			sourceTree = "<group>";
		};
		EDBE087E240E6F0800BBD592 /* Views */ = {
			isa = PBXGroup;
			children = (
				EDBE0881240E6F8000BBD592 /* FavoriteCell.swift */,
			);
			path = Views;
			sourceTree = "<group>";
		};
		EDBE0883240E6FF200BBD592 /* Helpers */ = {
			isa = PBXGroup;
			children = (
				EDBE0884240E701100BBD592 /* FavoritesTableViewHelper.swift */,
			);
			path = Helpers;
			sourceTree = "<group>";
		};
		EDBF118B240E8639008A7B08 /* Data */ = {
			isa = PBXGroup;
			children = (
				EDBF118C240E8645008A7B08 /* DataService.swift */,
			);
			path = Data;
			sourceTree = "<group>";
		};
		EDD9C010240FA32C007BAFA8 /* Protocols */ = {
			isa = PBXGroup;
			children = (
				EDD9C00E240FA192007BAFA8 /* ViewControllerHelper.swift */,
			);
			path = Protocols;
			sourceTree = "<group>";
		};
		EDE1D207240B0559009CFA60 /* Helpers */ = {
			isa = PBXGroup;
			children = (
				EDE1D208240B056D009CFA60 /* CoverViewControllerFactory.swift */,
				EDE56DCA240D9CE800EE2049 /* CoversPageViewControllerHelper.swift */,
				EDE56DCC240D9F4D00EE2049 /* CoverViewControllerImageHandler.swift */,
				EDE56DCE240DA20000EE2049 /* CoverViewControllerErrorHandler.swift */,
				EDE56DD0240DA4B100EE2049 /* CoverViewControllerGestureHandler.swift */,
			);
			path = Helpers;
			sourceTree = "<group>";
		};
		EDE56DB9240D819100EE2049 /* Utility */ = {
			isa = PBXGroup;
			children = (
				EDE56DBA240D81A000EE2049 /* Constants */,
				EDE56DBB240D81D700EE2049 /* Errors */,
				EDB77B4C24044A24003F358A /* Extensions */,
			);
			path = Utility;
			sourceTree = "<group>";
		};
		EDE56DBA240D81A000EE2049 /* Constants */ = {
			isa = PBXGroup;
			children = (
				ED5E00DD240C4D1B0077FD99 /* ImageConstants.swift */,
				EDE56DC0240D825400EE2049 /* Typealiases.swift */,
			);
			path = Constants;
			sourceTree = "<group>";
		};
		EDE56DBB240D81D700EE2049 /* Errors */ = {
			isa = PBXGroup;
			children = (
				EDE56DBC240D81E500EE2049 /* GameURLValidationError.swift */,
				EDE56DBE240D824500EE2049 /* CoverImageDownloadError.swift */,
			);
			path = Errors;
			sourceTree = "<group>";
		};
		EDE56DC2240D839300EE2049 /* Helpers */ = {
			isa = PBXGroup;
			children = (
				EDE56DC3240D840F00EE2049 /* GameURLPasteboardListener.swift */,
			);
			path = Helpers;
			sourceTree = "<group>";
		};
		EDE56DC7240D953F00EE2049 /* Helpers */ = {
			isa = PBXGroup;
			children = (
				EDE56DC8240D956000EE2049 /* ThumbnailCollectionHelper.swift */,
				EDE56DD2240DA7C700EE2049 /* CoverThumbnailCellConfigurator.swift */,
				EDD9C00C240FA160007BAFA8 /* GameFavoriteHelper.swift */,
			);
			path = Helpers;
			sourceTree = "<group>";
		};
/* End PBXGroup section */

/* Begin PBXNativeTarget section */
		ED4250F524029639005032DB /* PSXCovers */ = {
			isa = PBXNativeTarget;
			buildConfigurationList = ED42510A2402963D005032DB /* Build configuration list for PBXNativeTarget "PSXCovers" */;
			buildPhases = (
				ED4250F224029639005032DB /* Sources */,
				ED4250F324029639005032DB /* Frameworks */,
				ED4250F424029639005032DB /* Resources */,
				EDB77B3D2402D991003F358A /* Embed Frameworks */,
				EDB77B412402D9A4003F358A /* ShellScript */,
			);
			buildRules = (
			);
			dependencies = (
			);
			name = PSXCovers;
			productName = PSXCovers;
			productReference = ED4250F624029639005032DB /* PSXCovers.app */;
			productType = "com.apple.product-type.application";
		};
/* End PBXNativeTarget section */

/* Begin PBXProject section */
		ED4250EE24029639005032DB /* Project object */ = {
			isa = PBXProject;
			attributes = {
				LastSwiftUpdateCheck = 1130;
				LastUpgradeCheck = 1130;
				ORGANIZATIONNAME = digitalby;
				TargetAttributes = {
					ED4250F524029639005032DB = {
						CreatedOnToolsVersion = 11.3.1;
					};
				};
			};
			buildConfigurationList = ED4250F124029639005032DB /* Build configuration list for PBXProject "PSXCovers" */;
			compatibilityVersion = "Xcode 9.3";
			developmentRegion = en;
			hasScannedForEncodings = 0;
			knownRegions = (
				en,
				Base,
			);
			mainGroup = ED4250ED24029639005032DB;
			productRefGroup = ED4250F724029639005032DB /* Products */;
			projectDirPath = "";
			projectRoot = "";
			targets = (
				ED4250F524029639005032DB /* PSXCovers */,
			);
		};
/* End PBXProject section */

/* Begin PBXResourcesBuildPhase section */
		ED4250F424029639005032DB /* Resources */ = {
			isa = PBXResourcesBuildPhase;
			buildActionMask = 2147483647;
			files = (
				ED4251062402963D005032DB /* LaunchScreen.storyboard in Resources */,
				ED42510E24029B55005032DB /* GameURLSelectionView.xib in Resources */,
				ED1E67B824098A670089CCC3 /* ImageErrorView.xib in Resources */,
				ED4251032402963D005032DB /* Assets.xcassets in Resources */,
				EDE92BA52407D42600B1ACC7 /* NoItemsView.xib in Resources */,
				ED42510124029639005032DB /* Main.storyboard in Resources */,
			);
			runOnlyForDeploymentPostprocessing = 0;
		};
/* End PBXResourcesBuildPhase section */

/* Begin PBXShellScriptBuildPhase section */
		EDB77B412402D9A4003F358A /* ShellScript */ = {
			isa = PBXShellScriptBuildPhase;
			buildActionMask = 2147483647;
			files = (
			);
			inputFileListPaths = (
			);
			inputPaths = (
				"$(SRCROOT)/Carthage/Build/iOS/Alamofire.framework",
				"$(SRCROOT)/Carthage/Build/iOS/HTMLReader.framework",
				"$(SRCROOT)/Carthage/Build/iOS/Realm.framework",
				"$(SRCROOT)/Carthage/Build/iOS/RealmSwift.framework",
			);
			outputFileListPaths = (
			);
			outputPaths = (
			);
			runOnlyForDeploymentPostprocessing = 0;
			shellPath = /bin/sh;
			shellScript = "# Type a script or drag a script file from your workspace to insert its path.\n/usr/local/bin/carthage copy-frameworks\n";
		};
/* End PBXShellScriptBuildPhase section */

/* Begin PBXSourcesBuildPhase section */
		ED4250F224029639005032DB /* Sources */ = {
			isa = PBXSourcesBuildPhase;
			buildActionMask = 2147483647;
			files = (
				EDB77B6F24056C8C003F358A /* GameViewController.swift in Sources */,
				ED5C305424097C4E0013CDEE /* CoversPageViewController.swift in Sources */,
				EDBE0880240E6F1400BBD592 /* FavoritesViewController.swift in Sources */,
				ED5C304D240950140013CDEE /* CoverThumbnailDownloader.swift in Sources */,
				EDB77B4F24044A3B003F358A /* String+IsEmptyOrWhitespace.swift in Sources */,
				EDE56DC4240D840F00EE2049 /* GameURLPasteboardListener.swift in Sources */,
				EDB77B6424055081003F358A /* Cover.swift in Sources */,
				EDE56DBF240D824500EE2049 /* CoverImageDownloadError.swift in Sources */,
				EDB77B57240461A2003F358A /* GameHTMLDownloader.swift in Sources */,
				EDBF118D240E8645008A7B08 /* DataService.swift in Sources */,
				EDBE034E240F054200B200F8 /* ThumbnailImage.swift in Sources */,
				EDE92BA124072BCA00B1ACC7 /* AppActivityObserver.swift in Sources */,
				EDB77B5424044C27003F358A /* UIAlertController+WaitAlert.swift in Sources */,
				EDE56DC9240D956000EE2049 /* ThumbnailCollectionHelper.swift in Sources */,
				EDE56DCD240D9F4D00EE2049 /* CoverViewControllerImageHandler.swift in Sources */,
				EDAB7EA62402BE74004D182E /* KeyboardConstraintObserver.swift in Sources */,
				ED2075822406C02200CDB8CB /* CoverSectionHeader.swift in Sources */,
				EDE56DCB240D9CE800EE2049 /* CoversPageViewControllerHelper.swift in Sources */,
				ED2075852406F16A00CDB8CB /* CoverThumbnailCell.swift in Sources */,
				ED09CF632409CB6A00A7E26F /* DismissTransitionInteractor.swift in Sources */,
				EDD9C00F240FA192007BAFA8 /* ViewControllerHelper.swift in Sources */,
				EDE1D209240B056D009CFA60 /* CoverViewControllerFactory.swift in Sources */,
				EDB77B732405809E003F358A /* NetworkErrorHandler.swift in Sources */,
				EDB77B692405693F003F358A /* Region.swift in Sources */,
				EDE56DC1240D825400EE2049 /* Typealiases.swift in Sources */,
				EDE56DD1240DA4B100EE2049 /* CoverViewControllerGestureHandler.swift in Sources */,
				EDBE0885240E701100BBD592 /* FavoritesTableViewHelper.swift in Sources */,
				EDD9C00D240FA160007BAFA8 /* GameFavoriteHelper.swift in Sources */,
				EDE56DCF240DA20000EE2049 /* CoverViewControllerErrorHandler.swift in Sources */,
				EDAB7EA42402B479004D182E /* GameURLSelectorViewDelegate.swift in Sources */,
				ED6AC15D240722B90086D378 /* TextFieldObserver.swift in Sources */,
				ED6AC159240722090086D378 /* PasteboardObserver.swift in Sources */,
				ED4250FE24029639005032DB /* StartViewController.swift in Sources */,
				EDB77B6224055076003F358A /* Game.swift in Sources */,
				EDE92BA32407D3DC00B1ACC7 /* NoItemsView.swift in Sources */,
				ED5C305224096D350013CDEE /* CoverViewController.swift in Sources */,
				ED5C305724097F070013CDEE /* CoverImageDownloader.swift in Sources */,
				EDBE0882240E6F8000BBD592 /* FavoriteCell.swift in Sources */,
				ED1E67BA240998450089CCC3 /* ImageErrorView.swift in Sources */,
				EDE56DD3240DA7C700EE2049 /* CoverThumbnailCellConfigurator.swift in Sources */,
				ED42511624029F59005032DB /* GameURLSelectionView.swift in Sources */,
				EDE56DBD240D81E500EE2049 /* GameURLValidationError.swift in Sources */,
				EDB77B5C240544D2003F358A /* GameHTMLParser.swift in Sources */,
				ED5E00DE240C4D1B0077FD99 /* ImageConstants.swift in Sources */,
				EDB77B7124058015003F358A /* ValidationErrorHandler.swift in Sources */,
				ED4250FA24029639005032DB /* AppDelegate.swift in Sources */,
				EDB77B5924046A20003F358A /* GameURLValidator.swift in Sources */,
				ED09CF612409C3FD00A7E26F /* DismissAnimator.swift in Sources */,
			);
			runOnlyForDeploymentPostprocessing = 0;
		};
/* End PBXSourcesBuildPhase section */

/* Begin PBXVariantGroup section */
		ED4250FF24029639005032DB /* Main.storyboard */ = {
			isa = PBXVariantGroup;
			children = (
				ED42510024029639005032DB /* Base */,
			);
			name = Main.storyboard;
			sourceTree = "<group>";
		};
		ED4251042402963D005032DB /* LaunchScreen.storyboard */ = {
			isa = PBXVariantGroup;
			children = (
				ED4251052402963D005032DB /* Base */,
			);
			name = LaunchScreen.storyboard;
			sourceTree = "<group>";
		};
/* End PBXVariantGroup section */

/* Begin XCBuildConfiguration section */
		ED4251082402963D005032DB /* Debug */ = {
			isa = XCBuildConfiguration;
			buildSettings = {
				ALWAYS_SEARCH_USER_PATHS = NO;
				CLANG_ANALYZER_NONNULL = YES;
				CLANG_ANALYZER_NUMBER_OBJECT_CONVERSION = YES_AGGRESSIVE;
				CLANG_CXX_LANGUAGE_STANDARD = "gnu++14";
				CLANG_CXX_LIBRARY = "libc++";
				CLANG_ENABLE_MODULES = YES;
				CLANG_ENABLE_OBJC_ARC = YES;
				CLANG_ENABLE_OBJC_WEAK = YES;
				CLANG_WARN_BLOCK_CAPTURE_AUTORELEASING = YES;
				CLANG_WARN_BOOL_CONVERSION = YES;
				CLANG_WARN_COMMA = YES;
				CLANG_WARN_CONSTANT_CONVERSION = YES;
				CLANG_WARN_DEPRECATED_OBJC_IMPLEMENTATIONS = YES;
				CLANG_WARN_DIRECT_OBJC_ISA_USAGE = YES_ERROR;
				CLANG_WARN_DOCUMENTATION_COMMENTS = YES;
				CLANG_WARN_EMPTY_BODY = YES;
				CLANG_WARN_ENUM_CONVERSION = YES;
				CLANG_WARN_INFINITE_RECURSION = YES;
				CLANG_WARN_INT_CONVERSION = YES;
				CLANG_WARN_NON_LITERAL_NULL_CONVERSION = YES;
				CLANG_WARN_OBJC_IMPLICIT_RETAIN_SELF = YES;
				CLANG_WARN_OBJC_LITERAL_CONVERSION = YES;
				CLANG_WARN_OBJC_ROOT_CLASS = YES_ERROR;
				CLANG_WARN_RANGE_LOOP_ANALYSIS = YES;
				CLANG_WARN_STRICT_PROTOTYPES = YES;
				CLANG_WARN_SUSPICIOUS_MOVE = YES;
				CLANG_WARN_UNGUARDED_AVAILABILITY = YES_AGGRESSIVE;
				CLANG_WARN_UNREACHABLE_CODE = YES;
				CLANG_WARN__DUPLICATE_METHOD_MATCH = YES;
				COPY_PHASE_STRIP = NO;
				DEBUG_INFORMATION_FORMAT = dwarf;
				ENABLE_STRICT_OBJC_MSGSEND = YES;
				ENABLE_TESTABILITY = YES;
				GCC_C_LANGUAGE_STANDARD = gnu11;
				GCC_DYNAMIC_NO_PIC = NO;
				GCC_NO_COMMON_BLOCKS = YES;
				GCC_OPTIMIZATION_LEVEL = 0;
				GCC_PREPROCESSOR_DEFINITIONS = (
					"DEBUG=1",
					"$(inherited)",
				);
				GCC_WARN_64_TO_32_BIT_CONVERSION = YES;
				GCC_WARN_ABOUT_RETURN_TYPE = YES_ERROR;
				GCC_WARN_UNDECLARED_SELECTOR = YES;
				GCC_WARN_UNINITIALIZED_AUTOS = YES_AGGRESSIVE;
				GCC_WARN_UNUSED_FUNCTION = YES;
				GCC_WARN_UNUSED_VARIABLE = YES;
				IPHONEOS_DEPLOYMENT_TARGET = 13.2;
				MTL_ENABLE_DEBUG_INFO = INCLUDE_SOURCE;
				MTL_FAST_MATH = YES;
				ONLY_ACTIVE_ARCH = YES;
				SDKROOT = iphoneos;
				SWIFT_ACTIVE_COMPILATION_CONDITIONS = DEBUG;
				SWIFT_OPTIMIZATION_LEVEL = "-Onone";
			};
			name = Debug;
		};
		ED4251092402963D005032DB /* Release */ = {
			isa = XCBuildConfiguration;
			buildSettings = {
				ALWAYS_SEARCH_USER_PATHS = NO;
				CLANG_ANALYZER_NONNULL = YES;
				CLANG_ANALYZER_NUMBER_OBJECT_CONVERSION = YES_AGGRESSIVE;
				CLANG_CXX_LANGUAGE_STANDARD = "gnu++14";
				CLANG_CXX_LIBRARY = "libc++";
				CLANG_ENABLE_MODULES = YES;
				CLANG_ENABLE_OBJC_ARC = YES;
				CLANG_ENABLE_OBJC_WEAK = YES;
				CLANG_WARN_BLOCK_CAPTURE_AUTORELEASING = YES;
				CLANG_WARN_BOOL_CONVERSION = YES;
				CLANG_WARN_COMMA = YES;
				CLANG_WARN_CONSTANT_CONVERSION = YES;
				CLANG_WARN_DEPRECATED_OBJC_IMPLEMENTATIONS = YES;
				CLANG_WARN_DIRECT_OBJC_ISA_USAGE = YES_ERROR;
				CLANG_WARN_DOCUMENTATION_COMMENTS = YES;
				CLANG_WARN_EMPTY_BODY = YES;
				CLANG_WARN_ENUM_CONVERSION = YES;
				CLANG_WARN_INFINITE_RECURSION = YES;
				CLANG_WARN_INT_CONVERSION = YES;
				CLANG_WARN_NON_LITERAL_NULL_CONVERSION = YES;
				CLANG_WARN_OBJC_IMPLICIT_RETAIN_SELF = YES;
				CLANG_WARN_OBJC_LITERAL_CONVERSION = YES;
				CLANG_WARN_OBJC_ROOT_CLASS = YES_ERROR;
				CLANG_WARN_RANGE_LOOP_ANALYSIS = YES;
				CLANG_WARN_STRICT_PROTOTYPES = YES;
				CLANG_WARN_SUSPICIOUS_MOVE = YES;
				CLANG_WARN_UNGUARDED_AVAILABILITY = YES_AGGRESSIVE;
				CLANG_WARN_UNREACHABLE_CODE = YES;
				CLANG_WARN__DUPLICATE_METHOD_MATCH = YES;
				COPY_PHASE_STRIP = NO;
				DEBUG_INFORMATION_FORMAT = "dwarf-with-dsym";
				ENABLE_NS_ASSERTIONS = NO;
				ENABLE_STRICT_OBJC_MSGSEND = YES;
				GCC_C_LANGUAGE_STANDARD = gnu11;
				GCC_NO_COMMON_BLOCKS = YES;
				GCC_WARN_64_TO_32_BIT_CONVERSION = YES;
				GCC_WARN_ABOUT_RETURN_TYPE = YES_ERROR;
				GCC_WARN_UNDECLARED_SELECTOR = YES;
				GCC_WARN_UNINITIALIZED_AUTOS = YES_AGGRESSIVE;
				GCC_WARN_UNUSED_FUNCTION = YES;
				GCC_WARN_UNUSED_VARIABLE = YES;
				IPHONEOS_DEPLOYMENT_TARGET = 13.2;
				MTL_ENABLE_DEBUG_INFO = NO;
				MTL_FAST_MATH = YES;
				SDKROOT = iphoneos;
				SWIFT_COMPILATION_MODE = wholemodule;
				SWIFT_OPTIMIZATION_LEVEL = "-O";
				VALIDATE_PRODUCT = YES;
			};
			name = Release;
		};
		ED42510B2402963D005032DB /* Debug */ = {
			isa = XCBuildConfiguration;
			buildSettings = {
				ASSETCATALOG_COMPILER_APPICON_NAME = AppIcon;
				CODE_SIGN_STYLE = Automatic;
				DEVELOPMENT_TEAM = KVZVUNQ279;
				FRAMEWORK_SEARCH_PATHS = (
					"$(inherited)",
					"$(PROJECT_DIR)/Carthage/Build/iOS",
				);
				INFOPLIST_FILE = "PSXCovers/Supporting files/Info.plist";
				LD_RUNPATH_SEARCH_PATHS = (
					"$(inherited)",
					"@executable_path/Frameworks",
				);
				PRODUCT_BUNDLE_IDENTIFIER = me.digitalby.PSXCovers;
				PRODUCT_NAME = "$(TARGET_NAME)";
				SWIFT_VERSION = 5.0;
				TARGETED_DEVICE_FAMILY = "1,2";
			};
			name = Debug;
		};
		ED42510C2402963D005032DB /* Release */ = {
			isa = XCBuildConfiguration;
			buildSettings = {
				ASSETCATALOG_COMPILER_APPICON_NAME = AppIcon;
				CODE_SIGN_STYLE = Automatic;
				DEVELOPMENT_TEAM = KVZVUNQ279;
				FRAMEWORK_SEARCH_PATHS = (
					"$(inherited)",
					"$(PROJECT_DIR)/Carthage/Build/iOS",
				);
				INFOPLIST_FILE = "PSXCovers/Supporting files/Info.plist";
				LD_RUNPATH_SEARCH_PATHS = (
					"$(inherited)",
					"@executable_path/Frameworks",
				);
				PRODUCT_BUNDLE_IDENTIFIER = me.digitalby.PSXCovers;
				PRODUCT_NAME = "$(TARGET_NAME)";
				SWIFT_VERSION = 5.0;
				TARGETED_DEVICE_FAMILY = "1,2";
			};
			name = Release;
		};
/* End XCBuildConfiguration section */

/* Begin XCConfigurationList section */
		ED4250F124029639005032DB /* Build configuration list for PBXProject "PSXCovers" */ = {
			isa = XCConfigurationList;
			buildConfigurations = (
				ED4251082402963D005032DB /* Debug */,
				ED4251092402963D005032DB /* Release */,
			);
			defaultConfigurationIsVisible = 0;
			defaultConfigurationName = Release;
		};
		ED42510A2402963D005032DB /* Build configuration list for PBXNativeTarget "PSXCovers" */ = {
			isa = XCConfigurationList;
			buildConfigurations = (
				ED42510B2402963D005032DB /* Debug */,
				ED42510C2402963D005032DB /* Release */,
			);
			defaultConfigurationIsVisible = 0;
			defaultConfigurationName = Release;
		};
/* End XCConfigurationList section */
	};
	rootObject = ED4250EE24029639005032DB /* Project object */;
}
